
Microsoft Visual Studio Solution File, Format Version 12.00
# Visual Studio Version 17
VisualStudioVersion = 17.7.34221.43
MinimumVisualStudioVersion = 10.0.40219.1
Project("{FAE04EC0-301F-11D3-BF4B-00C04F79EFBC}") = "TaskManagmentSystem", "TaskManagmentSystem\TaskManagmentSystem.csproj", "{8FA3F6D4-0BF2-4EA7-8070-1A8DA1A537ED}"
EndProject
Global
	GlobalSection(SolutionConfigurationPlatforms) = preSolution
		Debug|Any CPU = Debug|Any CPU
		Release|Any CPU = Release|Any CPU
	EndGlobalSection
	GlobalSection(ProjectConfigurationPlatforms) = postSolution
		{8FA3F6D4-0BF2-4EA7-8070-1A8DA1A537ED}.Debug|Any CPU.ActiveCfg = Debug|Any CPU
		{8FA3F6D4-0BF2-4EA7-8070-1A8DA1A537ED}.Debug|Any CPU.Build.0 = Debug|Any CPU
		{8FA3F6D4-0BF2-4EA7-8070-1A8DA1A537ED}.Release|Any CPU.ActiveCfg = Release|Any CPU
		{8FA3F6D4-0BF2-4EA7-8070-1A8DA1A537ED}.Release|Any CPU.Build.0 = Release|Any CPU
	EndGlobalSection
	GlobalSection(SolutionProperties) = preSolution
		HideSolutionNode = FALSE
	EndGlobalSection
	GlobalSection(ExtensibilityGlobals) = postSolution
		SolutionGuid = {49834DDA-9668-4943-A889-4938F5A58879}
	EndGlobalSection
EndGlobal
